
Microsoft Visual Studio Solution File, Format Version 12.00
# Visual Studio Version 17
VisualStudioVersion = 17.9.34728.123
MinimumVisualStudioVersion = 10.0.40219.1
Project("{FAE04EC0-301F-11D3-BF4B-00C04F79EFBC}") = "ChatAppSignalR", "ChatAppSignalR\ChatAppSignalR.csproj", "{5D601328-8A8B-41A8-8803-B8B75F6DC71B}"
EndProject
Project("{FAE04EC0-301F-11D3-BF4B-00C04F79EFBC}") = "ChatClient", "ChatClient\ChatClient.csproj", "{0813C69A-8DC7-4F4D-83BA-115F5FCD22D2}"
EndProject
Global
	GlobalSection(SolutionConfigurationPlatforms) = preSolution
		Debug|Any CPU = Debug|Any CPU
		Release|Any CPU = Release|Any CPU
	EndGlobalSection
	GlobalSection(ProjectConfigurationPlatforms) = postSolution
		{5D601328-8A8B-41A8-8803-B8B75F6DC71B}.Debug|Any CPU.ActiveCfg = Debug|Any CPU
		{5D601328-8A8B-41A8-8803-B8B75F6DC71B}.Debug|Any CPU.Build.0 = Debug|Any CPU
		{5D601328-8A8B-41A8-8803-B8B75F6DC71B}.Release|Any CPU.ActiveCfg = Release|Any CPU
		{5D601328-8A8B-41A8-8803-B8B75F6DC71B}.Release|Any CPU.Build.0 = Release|Any CPU
		{0813C69A-8DC7-4F4D-83BA-115F5FCD22D2}.Debug|Any CPU.ActiveCfg = Debug|Any CPU
		{0813C69A-8DC7-4F4D-83BA-115F5FCD22D2}.Debug|Any CPU.Build.0 = Debug|Any CPU
		{0813C69A-8DC7-4F4D-83BA-115F5FCD22D2}.Release|Any CPU.ActiveCfg = Release|Any CPU
		{0813C69A-8DC7-4F4D-83BA-115F5FCD22D2}.Release|Any CPU.Build.0 = Release|Any CPU
	EndGlobalSection
	GlobalSection(SolutionProperties) = preSolution
		HideSolutionNode = FALSE
	EndGlobalSection
	GlobalSection(ExtensibilityGlobals) = postSolution
		SolutionGuid = {5B1F29D3-47DA-4DF2-8525-1A4516777C1F}
	EndGlobalSection
EndGlobal
